
Microsoft Visual Studio Solution File, Format Version 12.00
# Visual Studio 15
Project("{FAE04EC0-301F-11D3-BF4B-00C04F79EFBC}") = "Assembly-CSharp", "Assembly-CSharp.csproj", "{A6CCE036-4A3F-14F6-5C58-BD7B69110982}"
EndProject
Project("{FAE04EC0-301F-11D3-BF4B-00C04F79EFBC}") = "Assembly-CSharp-firstpass", "Assembly-CSharp-firstpass.csproj", "{17EDA9D5-14F2-DE4D-D5EB-6ACE41F92081}"
EndProject
Project("{FAE04EC0-301F-11D3-BF4B-00C04F79EFBC}") = "Assembly-CSharp-Editor-firstpass", "Assembly-CSharp-Editor-firstpass.csproj", "{8DC98A0B-BAA0-AFE7-3240-7A7EF5F77791}"
EndProject
Project("{FAE04EC0-301F-11D3-BF4B-00C04F79EFBC}") = "Assembly-CSharp-Editor", "Assembly-CSharp-Editor.csproj", "{191FD158-9C0D-696F-D810-C1E8DC1BE65C}"
EndProject
Global
	GlobalSection(SolutionConfigurationPlatforms) = preSolution
		Debug|Any CPU = Debug|Any CPU
		Release|Any CPU = Release|Any CPU
	EndGlobalSection
	GlobalSection(ProjectConfigurationPlatforms) = postSolution
		{A6CCE036-4A3F-14F6-5C58-BD7B69110982}.Debug|Any CPU.ActiveCfg = Debug|Any CPU
		{A6CCE036-4A3F-14F6-5C58-BD7B69110982}.Debug|Any CPU.Build.0 = Debug|Any CPU
		{A6CCE036-4A3F-14F6-5C58-BD7B69110982}.Release|Any CPU.ActiveCfg = Release|Any CPU
		{A6CCE036-4A3F-14F6-5C58-BD7B69110982}.Release|Any CPU.Build.0 = Release|Any CPU
		{17EDA9D5-14F2-DE4D-D5EB-6ACE41F92081}.Debug|Any CPU.ActiveCfg = Debug|Any CPU
		{17EDA9D5-14F2-DE4D-D5EB-6ACE41F92081}.Debug|Any CPU.Build.0 = Debug|Any CPU
		{17EDA9D5-14F2-DE4D-D5EB-6ACE41F92081}.Release|Any CPU.ActiveCfg = Release|Any CPU
		{17EDA9D5-14F2-DE4D-D5EB-6ACE41F92081}.Release|Any CPU.Build.0 = Release|Any CPU
		{8DC98A0B-BAA0-AFE7-3240-7A7EF5F77791}.Debug|Any CPU.ActiveCfg = Debug|Any CPU
		{8DC98A0B-BAA0-AFE7-3240-7A7EF5F77791}.Debug|Any CPU.Build.0 = Debug|Any CPU
		{8DC98A0B-BAA0-AFE7-3240-7A7EF5F77791}.Release|Any CPU.ActiveCfg = Release|Any CPU
		{8DC98A0B-BAA0-AFE7-3240-7A7EF5F77791}.Release|Any CPU.Build.0 = Release|Any CPU
		{191FD158-9C0D-696F-D810-C1E8DC1BE65C}.Debug|Any CPU.ActiveCfg = Debug|Any CPU
		{191FD158-9C0D-696F-D810-C1E8DC1BE65C}.Debug|Any CPU.Build.0 = Debug|Any CPU
		{191FD158-9C0D-696F-D810-C1E8DC1BE65C}.Release|Any CPU.ActiveCfg = Release|Any CPU
		{191FD158-9C0D-696F-D810-C1E8DC1BE65C}.Release|Any CPU.Build.0 = Release|Any CPU
	EndGlobalSection
	GlobalSection(SolutionProperties) = preSolution
		HideSolutionNode = FALSE
	EndGlobalSection
EndGlobal
